
Microsoft Visual Studio Solution File, Format Version 12.00
# Visual Studio Version 17
VisualStudioVersion = 17.0.32112.339
MinimumVisualStudioVersion = 10.0.40219.1
Project("{9A19103F-16F7-4668-BE54-9A1E7A4F7556}") = "Weelo.WebApi", "Weelo.WebApi\Weelo.WebApi.csproj", "{093AAB20-5981-4AB9-AD16-C2A309B4BD2D}"
EndProject
Project("{2150E333-8FDC-42A3-9474-1A3956D46DE8}") = "1. Aplications", "1. Aplications", "{F40E86A3-6B66-4B16-9A49-5B2909F32B52}"
EndProject
Project("{2150E333-8FDC-42A3-9474-1A3956D46DE8}") = "2. Abstractions", "2. Abstractions", "{36A91D8B-E04A-43BF-9D09-20745115CCE1}"
EndProject
Project("{2150E333-8FDC-42A3-9474-1A3956D46DE8}") = "3. Repositories", "3. Repositories", "{B704A011-6DBC-48DB-83A5-242E5A92D291}"
EndProject
Project("{2150E333-8FDC-42A3-9474-1A3956D46DE8}") = "4. Business", "4. Business", "{78B2A12D-9225-43FD-A79B-19074A1838AE}"
EndProject
Project("{9A19103F-16F7-4668-BE54-9A1E7A4F7556}") = "Weelo.Business", "Weelo.Business\Weelo.Business.csproj", "{0789BA0D-BAC8-4B45-8D30-71A800D1E03F}"
	ProjectSection(ProjectDependencies) = postProject
		{F77CD86B-F3C2-41D5-916B-7DE002591C89} = {F77CD86B-F3C2-41D5-916B-7DE002591C89}
	EndProjectSection
EndProject
Project("{9A19103F-16F7-4668-BE54-9A1E7A4F7556}") = "Weelo.Repository.SqlServer", "Weelo.Repository.SqlServer\Weelo.Repository.SqlServer.csproj", "{FC8A255E-E0AB-4F86-82A5-44E1EFB192D3}"
EndProject
Project("{9A19103F-16F7-4668-BE54-9A1E7A4F7556}") = "Weelo.Common", "Weelo.Common\Weelo.Common.csproj", "{76EBD6BE-F08E-4A85-B4C0-01923CDB2E80}"
EndProject
Project("{9A19103F-16F7-4668-BE54-9A1E7A4F7556}") = "Weelo.Abstrations", "Weelo.Abstrations\Weelo.Abstrations.csproj", "{F77CD86B-F3C2-41D5-916B-7DE002591C89}"
EndProject
Project("{FAE04EC0-301F-11D3-BF4B-00C04F79EFBC}") = "Weelo.WebApi.Test", "Weelo.WebApi.Test\Weelo.WebApi.Test.csproj", "{2733388E-949A-4877-9DEF-59B27C12D4C2}"
EndProject
Global
	GlobalSection(SolutionConfigurationPlatforms) = preSolution
		Debug|Any CPU = Debug|Any CPU
		Release|Any CPU = Release|Any CPU
	EndGlobalSection
	GlobalSection(ProjectConfigurationPlatforms) = postSolution
		{093AAB20-5981-4AB9-AD16-C2A309B4BD2D}.Debug|Any CPU.ActiveCfg = Debug|Any CPU
		{093AAB20-5981-4AB9-AD16-C2A309B4BD2D}.Debug|Any CPU.Build.0 = Debug|Any CPU
		{093AAB20-5981-4AB9-AD16-C2A309B4BD2D}.Release|Any CPU.ActiveCfg = Release|Any CPU
		{093AAB20-5981-4AB9-AD16-C2A309B4BD2D}.Release|Any CPU.Build.0 = Release|Any CPU
		{0789BA0D-BAC8-4B45-8D30-71A800D1E03F}.Debug|Any CPU.ActiveCfg = Debug|Any CPU
		{0789BA0D-BAC8-4B45-8D30-71A800D1E03F}.Debug|Any CPU.Build.0 = Debug|Any CPU
		{0789BA0D-BAC8-4B45-8D30-71A800D1E03F}.Release|Any CPU.ActiveCfg = Release|Any CPU
		{0789BA0D-BAC8-4B45-8D30-71A800D1E03F}.Release|Any CPU.Build.0 = Release|Any CPU
		{FC8A255E-E0AB-4F86-82A5-44E1EFB192D3}.Debug|Any CPU.ActiveCfg = Debug|Any CPU
		{FC8A255E-E0AB-4F86-82A5-44E1EFB192D3}.Debug|Any CPU.Build.0 = Debug|Any CPU
		{FC8A255E-E0AB-4F86-82A5-44E1EFB192D3}.Release|Any CPU.ActiveCfg = Release|Any CPU
		{FC8A255E-E0AB-4F86-82A5-44E1EFB192D3}.Release|Any CPU.Build.0 = Release|Any CPU
		{76EBD6BE-F08E-4A85-B4C0-01923CDB2E80}.Debug|Any CPU.ActiveCfg = Debug|Any CPU
		{76EBD6BE-F08E-4A85-B4C0-01923CDB2E80}.Debug|Any CPU.Build.0 = Debug|Any CPU
		{76EBD6BE-F08E-4A85-B4C0-01923CDB2E80}.Release|Any CPU.ActiveCfg = Release|Any CPU
		{76EBD6BE-F08E-4A85-B4C0-01923CDB2E80}.Release|Any CPU.Build.0 = Release|Any CPU
		{F77CD86B-F3C2-41D5-916B-7DE002591C89}.Debug|Any CPU.ActiveCfg = Debug|Any CPU
		{F77CD86B-F3C2-41D5-916B-7DE002591C89}.Debug|Any CPU.Build.0 = Debug|Any CPU
		{F77CD86B-F3C2-41D5-916B-7DE002591C89}.Release|Any CPU.ActiveCfg = Release|Any CPU
		{F77CD86B-F3C2-41D5-916B-7DE002591C89}.Release|Any CPU.Build.0 = Release|Any CPU
		{2733388E-949A-4877-9DEF-59B27C12D4C2}.Debug|Any CPU.ActiveCfg = Debug|Any CPU
		{2733388E-949A-4877-9DEF-59B27C12D4C2}.Debug|Any CPU.Build.0 = Debug|Any CPU
		{2733388E-949A-4877-9DEF-59B27C12D4C2}.Release|Any CPU.ActiveCfg = Release|Any CPU
		{2733388E-949A-4877-9DEF-59B27C12D4C2}.Release|Any CPU.Build.0 = Release|Any CPU
	EndGlobalSection
	GlobalSection(SolutionProperties) = preSolution
		HideSolutionNode = FALSE
	EndGlobalSection
	GlobalSection(NestedProjects) = preSolution
		{093AAB20-5981-4AB9-AD16-C2A309B4BD2D} = {F40E86A3-6B66-4B16-9A49-5B2909F32B52}
		{0789BA0D-BAC8-4B45-8D30-71A800D1E03F} = {78B2A12D-9225-43FD-A79B-19074A1838AE}
		{FC8A255E-E0AB-4F86-82A5-44E1EFB192D3} = {B704A011-6DBC-48DB-83A5-242E5A92D291}
		{76EBD6BE-F08E-4A85-B4C0-01923CDB2E80} = {36A91D8B-E04A-43BF-9D09-20745115CCE1}
		{F77CD86B-F3C2-41D5-916B-7DE002591C89} = {36A91D8B-E04A-43BF-9D09-20745115CCE1}
		{2733388E-949A-4877-9DEF-59B27C12D4C2} = {F40E86A3-6B66-4B16-9A49-5B2909F32B52}
	EndGlobalSection
	GlobalSection(ExtensibilityGlobals) = postSolution
		SolutionGuid = {B6C02AB5-DA22-4D4A-A8EA-08925CC32FCB}
	EndGlobalSection
EndGlobal
